// !$*UTF8*$!
{
	archiveVersion = 1;
	classes = {
	};
	objectVersion = 56;
	objects = {

/* Begin PBXBuildFile section */
		7E02085128FFE39300A4A935 /* ReverseWordUITests.swift in Sources */ = {isa = PBXBuildFile; fileRef = 7E02085028FFE39300A4A935 /* ReverseWordUITests.swift */; };
		7E1593D728E4C38F00481595 /* AppDelegate.swift in Sources */ = {isa = PBXBuildFile; fileRef = 7E1593D628E4C38F00481595 /* AppDelegate.swift */; };
		7E1593D928E4C38F00481595 /* SceneDelegate.swift in Sources */ = {isa = PBXBuildFile; fileRef = 7E1593D828E4C38F00481595 /* SceneDelegate.swift */; };
		7E1593DB28E4C38F00481595 /* ReverseWordsViewController.swift in Sources */ = {isa = PBXBuildFile; fileRef = 7E1593DA28E4C38F00481595 /* ReverseWordsViewController.swift */; };
		7E1593DE28E4C38F00481595 /* Main.storyboard in Resources */ = {isa = PBXBuildFile; fileRef = 7E1593DC28E4C38F00481595 /* Main.storyboard */; };
		7E1593E028E4C39000481595 /* Assets.xcassets in Resources */ = {isa = PBXBuildFile; fileRef = 7E1593DF28E4C39000481595 /* Assets.xcassets */; };
		7E1593E328E4C39000481595 /* LaunchScreen.storyboard in Resources */ = {isa = PBXBuildFile; fileRef = 7E1593E128E4C39000481595 /* LaunchScreen.storyboard */; };
		7E1593EB28E4C64900481595 /* Roboto in Resources */ = {isa = PBXBuildFile; fileRef = 7E1593EA28E4C64900481595 /* Roboto */; };
		7E99905A29040AB400C8FB78 /* TextReverseManager.swift in Sources */ = {isa = PBXBuildFile; fileRef = 7E99905929040AB400C8FB78 /* TextReverseManager.swift */; };
		7EEB74D328FF371F0039D76C /* ReverseWordTests.swift in Sources */ = {isa = PBXBuildFile; fileRef = 7EEB74D228FF371F0039D76C /* ReverseWordTests.swift */; };
/* End PBXBuildFile section */

/* Begin PBXContainerItemProxy section */
		7E02085428FFE39300A4A935 /* PBXContainerItemProxy */ = {
			isa = PBXContainerItemProxy;
			containerPortal = 7E1593CB28E4C38F00481595 /* Project object */;
			proxyType = 1;
			remoteGlobalIDString = 7E1593D228E4C38F00481595;
			remoteInfo = ReverseWord;
		};
		7EEB74D428FF371F0039D76C /* PBXContainerItemProxy */ = {
			isa = PBXContainerItemProxy;
			containerPortal = 7E1593CB28E4C38F00481595 /* Project object */;
			proxyType = 1;
			remoteGlobalIDString = 7E1593D228E4C38F00481595;
			remoteInfo = "Reverse word";
		};
/* End PBXContainerItemProxy section */

/* Begin PBXFileReference section */
		7E02084E28FFE39300A4A935 /* ReverseWordUITests.xctest */ = {isa = PBXFileReference; explicitFileType = wrapper.cfbundle; includeInIndex = 0; path = ReverseWordUITests.xctest; sourceTree = BUILT_PRODUCTS_DIR; };
		7E02085028FFE39300A4A935 /* ReverseWordUITests.swift */ = {isa = PBXFileReference; lastKnownFileType = sourcecode.swift; path = ReverseWordUITests.swift; sourceTree = "<group>"; };
		7E1593D328E4C38F00481595 /* ReverseWord.app */ = {isa = PBXFileReference; explicitFileType = wrapper.application; includeInIndex = 0; path = ReverseWord.app; sourceTree = BUILT_PRODUCTS_DIR; };
		7E1593D628E4C38F00481595 /* AppDelegate.swift */ = {isa = PBXFileReference; lastKnownFileType = sourcecode.swift; path = AppDelegate.swift; sourceTree = "<group>"; };
		7E1593D828E4C38F00481595 /* SceneDelegate.swift */ = {isa = PBXFileReference; lastKnownFileType = sourcecode.swift; path = SceneDelegate.swift; sourceTree = "<group>"; };
		7E1593DA28E4C38F00481595 /* ReverseWordsViewController.swift */ = {isa = PBXFileReference; lastKnownFileType = sourcecode.swift; path = ReverseWordsViewController.swift; sourceTree = "<group>"; };
		7E1593DD28E4C38F00481595 /* Base */ = {isa = PBXFileReference; lastKnownFileType = file.storyboard; name = Base; path = Base.lproj/Main.storyboard; sourceTree = "<group>"; };
		7E1593DF28E4C39000481595 /* Assets.xcassets */ = {isa = PBXFileReference; lastKnownFileType = folder.assetcatalog; path = Assets.xcassets; sourceTree = "<group>"; };
		7E1593E228E4C39000481595 /* Base */ = {isa = PBXFileReference; lastKnownFileType = file.storyboard; name = Base; path = Base.lproj/LaunchScreen.storyboard; sourceTree = "<group>"; };
		7E1593E428E4C39000481595 /* Info.plist */ = {isa = PBXFileReference; lastKnownFileType = text.plist.xml; path = Info.plist; sourceTree = "<group>"; };
		7E1593EA28E4C64900481595 /* Roboto */ = {isa = PBXFileReference; lastKnownFileType = folder; path = Roboto; sourceTree = "<group>"; };
		7E99905929040AB400C8FB78 /* TextReverseManager.swift */ = {isa = PBXFileReference; lastKnownFileType = sourcecode.swift; path = TextReverseManager.swift; sourceTree = "<group>"; };
		7EEB74D028FF371F0039D76C /* ReverseWord tests.xctest */ = {isa = PBXFileReference; explicitFileType = wrapper.cfbundle; includeInIndex = 0; path = "ReverseWord tests.xctest"; sourceTree = BUILT_PRODUCTS_DIR; };
		7EEB74D228FF371F0039D76C /* ReverseWordTests.swift */ = {isa = PBXFileReference; lastKnownFileType = sourcecode.swift; path = ReverseWordTests.swift; sourceTree = "<group>"; };
/* End PBXFileReference section */

/* Begin PBXFrameworksBuildPhase section */
		7E02084B28FFE39300A4A935 /* Frameworks */ = {
			isa = PBXFrameworksBuildPhase;
			buildActionMask = 2147483647;
			files = (
			);
			runOnlyForDeploymentPostprocessing = 0;
		};
		7E1593D028E4C38F00481595 /* Frameworks */ = {
			isa = PBXFrameworksBuildPhase;
			buildActionMask = 2147483647;
			files = (
			);
			runOnlyForDeploymentPostprocessing = 0;
		};
		7EEB74CD28FF371F0039D76C /* Frameworks */ = {
			isa = PBXFrameworksBuildPhase;
			buildActionMask = 2147483647;
			files = (
			);
			runOnlyForDeploymentPostprocessing = 0;
		};
/* End PBXFrameworksBuildPhase section */

/* Begin PBXGroup section */
		7E02084F28FFE39300A4A935 /* ReverseWordUITests */ = {
			isa = PBXGroup;
			children = (
				7E02085028FFE39300A4A935 /* ReverseWordUITests.swift */,
			);
			path = ReverseWordUITests;
			sourceTree = "<group>";
		};
		7E1593CA28E4C38F00481595 = {
			isa = PBXGroup;
			children = (
				7E1593D528E4C38F00481595 /* ReverseWord */,
				7EEB74D128FF371F0039D76C /* ReverseWordTests */,
				7E02084F28FFE39300A4A935 /* ReverseWordUITests */,
				7E1593D428E4C38F00481595 /* Products */,
			);
			sourceTree = "<group>";
		};
		7E1593D428E4C38F00481595 /* Products */ = {
			isa = PBXGroup;
			children = (
				7E1593D328E4C38F00481595 /* ReverseWord.app */,
				7EEB74D028FF371F0039D76C /* ReverseWord tests.xctest */,
				7E02084E28FFE39300A4A935 /* ReverseWordUITests.xctest */,
			);
			name = Products;
			sourceTree = "<group>";
		};
		7E1593D528E4C38F00481595 /* ReverseWord */ = {
			isa = PBXGroup;
			children = (
				7E1593D628E4C38F00481595 /* AppDelegate.swift */,
				7E1593D828E4C38F00481595 /* SceneDelegate.swift */,
				7E1593DA28E4C38F00481595 /* ReverseWordsViewController.swift */,
				7E1593DC28E4C38F00481595 /* Main.storyboard */,
				7E1593DF28E4C39000481595 /* Assets.xcassets */,
				7E1593E128E4C39000481595 /* LaunchScreen.storyboard */,
				7E1593E428E4C39000481595 /* Info.plist */,
				7E1593EA28E4C64900481595 /* Roboto */,
				7E99905929040AB400C8FB78 /* TextReverseManager.swift */,
			);
			path = ReverseWord;
			sourceTree = "<group>";
		};
		7EEB74D128FF371F0039D76C /* ReverseWordTests */ = {
			isa = PBXGroup;
			children = (
				7EEB74D228FF371F0039D76C /* ReverseWordTests.swift */,
			);
			path = ReverseWordTests;
			sourceTree = "<group>";
		};
/* End PBXGroup section */

/* Begin PBXNativeTarget section */
		7E02084D28FFE39300A4A935 /* ReverseWordUITests */ = {
			isa = PBXNativeTarget;
			buildConfigurationList = 7E02085628FFE39300A4A935 /* Build configuration list for PBXNativeTarget "ReverseWordUITests" */;
			buildPhases = (
				7E02084A28FFE39300A4A935 /* Sources */,
				7E02084B28FFE39300A4A935 /* Frameworks */,
				7E02084C28FFE39300A4A935 /* Resources */,
			);
			buildRules = (
			);
			dependencies = (
				7E02085528FFE39300A4A935 /* PBXTargetDependency */,
			);
			name = ReverseWordUITests;
			productName = ReverseWordUITests;
			productReference = 7E02084E28FFE39300A4A935 /* ReverseWordUITests.xctest */;
			productType = "com.apple.product-type.bundle.ui-testing";
		};
		7E1593D228E4C38F00481595 /* ReverseWord */ = {
			isa = PBXNativeTarget;
			buildConfigurationList = 7E1593E728E4C39000481595 /* Build configuration list for PBXNativeTarget "ReverseWord" */;
			buildPhases = (
				7E1593CF28E4C38F00481595 /* Sources */,
				7E1593D028E4C38F00481595 /* Frameworks */,
				7E1593D128E4C38F00481595 /* Resources */,
			);
			buildRules = (
			);
			dependencies = (
			);
			name = ReverseWord;
			productName = "Reverse word";
			productReference = 7E1593D328E4C38F00481595 /* ReverseWord.app */;
			productType = "com.apple.product-type.application";
		};
		7EEB74CF28FF371F0039D76C /* ReverseWord tests */ = {
			isa = PBXNativeTarget;
			buildConfigurationList = 7EEB74D628FF371F0039D76C /* Build configuration list for PBXNativeTarget "ReverseWord tests" */;
			buildPhases = (
				7EEB74CC28FF371F0039D76C /* Sources */,
				7EEB74CD28FF371F0039D76C /* Frameworks */,
				7EEB74CE28FF371F0039D76C /* Resources */,
			);
			buildRules = (
			);
			dependencies = (
				7EEB74D528FF371F0039D76C /* PBXTargetDependency */,
			);
			name = "ReverseWord tests";
			productName = "Reverse word tests";
			productReference = 7EEB74D028FF371F0039D76C /* ReverseWord tests.xctest */;
			productType = "com.apple.product-type.bundle.unit-test";
		};
/* End PBXNativeTarget section */

/* Begin PBXProject section */
		7E1593CB28E4C38F00481595 /* Project object */ = {
			isa = PBXProject;
			attributes = {
				BuildIndependentTargetsInParallel = 1;
				LastSwiftUpdateCheck = 1400;
				LastUpgradeCheck = 1400;
				TargetAttributes = {
					7E02084D28FFE39300A4A935 = {
						CreatedOnToolsVersion = 14.0.1;
						TestTargetID = 7E1593D228E4C38F00481595;
					};
					7E1593D228E4C38F00481595 = {
						CreatedOnToolsVersion = 14.0.1;
					};
					7EEB74CF28FF371F0039D76C = {
						CreatedOnToolsVersion = 14.0.1;
						TestTargetID = 7E1593D228E4C38F00481595;
					};
				};
			};
			buildConfigurationList = 7E1593CE28E4C38F00481595 /* Build configuration list for PBXProject "ReverseWord" */;
			compatibilityVersion = "Xcode 14.0";
			developmentRegion = en;
			hasScannedForEncodings = 0;
			knownRegions = (
				en,
				Base,
			);
			mainGroup = 7E1593CA28E4C38F00481595;
			productRefGroup = 7E1593D428E4C38F00481595 /* Products */;
			projectDirPath = "";
			projectRoot = "";
			targets = (
				7E1593D228E4C38F00481595 /* ReverseWord */,
				7EEB74CF28FF371F0039D76C /* ReverseWord tests */,
				7E02084D28FFE39300A4A935 /* ReverseWordUITests */,
			);
		};
/* End PBXProject section */

/* Begin PBXResourcesBuildPhase section */
		7E02084C28FFE39300A4A935 /* Resources */ = {
			isa = PBXResourcesBuildPhase;
			buildActionMask = 2147483647;
			files = (
			);
			runOnlyForDeploymentPostprocessing = 0;
		};
		7E1593D128E4C38F00481595 /* Resources */ = {
			isa = PBXResourcesBuildPhase;
			buildActionMask = 2147483647;
			files = (
				7E1593E328E4C39000481595 /* LaunchScreen.storyboard in Resources */,
				7E1593E028E4C39000481595 /* Assets.xcassets in Resources */,
				7E1593DE28E4C38F00481595 /* Main.storyboard in Resources */,
				7E1593EB28E4C64900481595 /* Roboto in Resources */,
			);
			runOnlyForDeploymentPostprocessing = 0;
		};
		7EEB74CE28FF371F0039D76C /* Resources */ = {
			isa = PBXResourcesBuildPhase;
			buildActionMask = 2147483647;
			files = (
			);
			runOnlyForDeploymentPostprocessing = 0;
		};
/* End PBXResourcesBuildPhase section */

/* Begin PBXSourcesBuildPhase section */
		7E02084A28FFE39300A4A935 /* Sources */ = {
			isa = PBXSourcesBuildPhase;
			buildActionMask = 2147483647;
			files = (
				7E02085128FFE39300A4A935 /* ReverseWordUITests.swift in Sources */,
			);
			runOnlyForDeploymentPostprocessing = 0;
		};
		7E1593CF28E4C38F00481595 /* Sources */ = {
			isa = PBXSourcesBuildPhase;
			buildActionMask = 2147483647;
			files = (
				7E1593DB28E4C38F00481595 /* ReverseWordsViewController.swift in Sources */,
				7E1593D728E4C38F00481595 /* AppDelegate.swift in Sources */,
				7E1593D928E4C38F00481595 /* SceneDelegate.swift in Sources */,
				7E99905A29040AB400C8FB78 /* TextReverseManager.swift in Sources */,
			);
			runOnlyForDeploymentPostprocessing = 0;
		};
		7EEB74CC28FF371F0039D76C /* Sources */ = {
			isa = PBXSourcesBuildPhase;
			buildActionMask = 2147483647;
			files = (
				7EEB74D328FF371F0039D76C /* ReverseWordTests.swift in Sources */,
			);
			runOnlyForDeploymentPostprocessing = 0;
		};
/* End PBXSourcesBuildPhase section */

/* Begin PBXTargetDependency section */
		7E02085528FFE39300A4A935 /* PBXTargetDependency */ = {
			isa = PBXTargetDependency;
			target = 7E1593D228E4C38F00481595 /* ReverseWord */;
			targetProxy = 7E02085428FFE39300A4A935 /* PBXContainerItemProxy */;
		};
		7EEB74D528FF371F0039D76C /* PBXTargetDependency */ = {
			isa = PBXTargetDependency;
			target = 7E1593D228E4C38F00481595 /* ReverseWord */;
			targetProxy = 7EEB74D428FF371F0039D76C /* PBXContainerItemProxy */;
		};
/* End PBXTargetDependency section */

/* Begin PBXVariantGroup section */
		7E1593DC28E4C38F00481595 /* Main.storyboard */ = {
			isa = PBXVariantGroup;
			children = (
				7E1593DD28E4C38F00481595 /* Base */,
			);
			name = Main.storyboard;
			sourceTree = "<group>";
		};
		7E1593E128E4C39000481595 /* LaunchScreen.storyboard */ = {
			isa = PBXVariantGroup;
			children = (
				7E1593E228E4C39000481595 /* Base */,
			);
			name = LaunchScreen.storyboard;
			sourceTree = "<group>";
		};
/* End PBXVariantGroup section */

/* Begin XCBuildConfiguration section */
		7E02085728FFE39300A4A935 /* Debug */ = {
			isa = XCBuildConfiguration;
			buildSettings = {
				CODE_SIGN_STYLE = Automatic;
				CURRENT_PROJECT_VERSION = 1;
				DEVELOPMENT_TEAM = 64NZDAL7D8;
				GENERATE_INFOPLIST_FILE = YES;
				MARKETING_VERSION = 1.0;
				PRODUCT_BUNDLE_IDENTIFIER = com.baykan.ReverseWordUITests;
				PRODUCT_NAME = "$(TARGET_NAME)";
				SWIFT_EMIT_LOC_STRINGS = NO;
				SWIFT_VERSION = 5.0;
				TARGETED_DEVICE_FAMILY = "1,2";
				TEST_TARGET_NAME = ReverseWord;
			};
			name = Debug;
		};
		7E02085828FFE39300A4A935 /* Release */ = {
			isa = XCBuildConfiguration;
			buildSettings = {
				CODE_SIGN_STYLE = Automatic;
				CURRENT_PROJECT_VERSION = 1;
				DEVELOPMENT_TEAM = 64NZDAL7D8;
				GENERATE_INFOPLIST_FILE = YES;
				MARKETING_VERSION = 1.0;
				PRODUCT_BUNDLE_IDENTIFIER = com.baykan.ReverseWordUITests;
				PRODUCT_NAME = "$(TARGET_NAME)";
				SWIFT_EMIT_LOC_STRINGS = NO;
				SWIFT_VERSION = 5.0;
				TARGETED_DEVICE_FAMILY = "1,2";
				TEST_TARGET_NAME = ReverseWord;
			};
			name = Release;
		};
		7E1593E528E4C39000481595 /* Debug */ = {
			isa = XCBuildConfiguration;
			buildSettings = {
				ALWAYS_SEARCH_USER_PATHS = NO;
				CLANG_ANALYZER_NONNULL = YES;
				CLANG_ANALYZER_NUMBER_OBJECT_CONVERSION = YES_AGGRESSIVE;
				CLANG_CXX_LANGUAGE_STANDARD = "gnu++20";
				CLANG_ENABLE_MODULES = YES;
				CLANG_ENABLE_OBJC_ARC = YES;
				CLANG_ENABLE_OBJC_WEAK = YES;
				CLANG_WARN_BLOCK_CAPTURE_AUTORELEASING = YES;
				CLANG_WARN_BOOL_CONVERSION = YES;
				CLANG_WARN_COMMA = YES;
				CLANG_WARN_CONSTANT_CONVERSION = YES;
				CLANG_WARN_DEPRECATED_OBJC_IMPLEMENTATIONS = YES;
				CLANG_WARN_DIRECT_OBJC_ISA_USAGE = YES_ERROR;
				CLANG_WARN_DOCUMENTATION_COMMENTS = YES;
				CLANG_WARN_EMPTY_BODY = YES;
				CLANG_WARN_ENUM_CONVERSION = YES;
				CLANG_WARN_INFINITE_RECURSION = YES;
				CLANG_WARN_INT_CONVERSION = YES;
				CLANG_WARN_NON_LITERAL_NULL_CONVERSION = YES;
				CLANG_WARN_OBJC_IMPLICIT_RETAIN_SELF = YES;
				CLANG_WARN_OBJC_LITERAL_CONVERSION = YES;
				CLANG_WARN_OBJC_ROOT_CLASS = YES_ERROR;
				CLANG_WARN_QUOTED_INCLUDE_IN_FRAMEWORK_HEADER = YES;
				CLANG_WARN_RANGE_LOOP_ANALYSIS = YES;
				CLANG_WARN_STRICT_PROTOTYPES = YES;
				CLANG_WARN_SUSPICIOUS_MOVE = YES;
				CLANG_WARN_UNGUARDED_AVAILABILITY = YES_AGGRESSIVE;
				CLANG_WARN_UNREACHABLE_CODE = YES;
				CLANG_WARN__DUPLICATE_METHOD_MATCH = YES;
				COPY_PHASE_STRIP = NO;
				DEBUG_INFORMATION_FORMAT = dwarf;
				ENABLE_STRICT_OBJC_MSGSEND = YES;
				ENABLE_TESTABILITY = YES;
				GCC_C_LANGUAGE_STANDARD = gnu11;
				GCC_DYNAMIC_NO_PIC = NO;
				GCC_NO_COMMON_BLOCKS = YES;
				GCC_OPTIMIZATION_LEVEL = 0;
				GCC_PREPROCESSOR_DEFINITIONS = (
					"DEBUG=1",
					"$(inherited)",
				);
				GCC_WARN_64_TO_32_BIT_CONVERSION = YES;
				GCC_WARN_ABOUT_RETURN_TYPE = YES_ERROR;
				GCC_WARN_UNDECLARED_SELECTOR = YES;
				GCC_WARN_UNINITIALIZED_AUTOS = YES_AGGRESSIVE;
				GCC_WARN_UNUSED_FUNCTION = YES;
				GCC_WARN_UNUSED_VARIABLE = YES;
				IPHONEOS_DEPLOYMENT_TARGET = 16.0;
				MTL_ENABLE_DEBUG_INFO = INCLUDE_SOURCE;
				MTL_FAST_MATH = YES;
				ONLY_ACTIVE_ARCH = YES;
				SDKROOT = iphoneos;
				SWIFT_ACTIVE_COMPILATION_CONDITIONS = DEBUG;
				SWIFT_OPTIMIZATION_LEVEL = "-Onone";
			};
			name = Debug;
		};
		7E1593E628E4C39000481595 /* Release */ = {
			isa = XCBuildConfiguration;
			buildSettings = {
				ALWAYS_SEARCH_USER_PATHS = NO;
				CLANG_ANALYZER_NONNULL = YES;
				CLANG_ANALYZER_NUMBER_OBJECT_CONVERSION = YES_AGGRESSIVE;
				CLANG_CXX_LANGUAGE_STANDARD = "gnu++20";
				CLANG_ENABLE_MODULES = YES;
				CLANG_ENABLE_OBJC_ARC = YES;
				CLANG_ENABLE_OBJC_WEAK = YES;
				CLANG_WARN_BLOCK_CAPTURE_AUTORELEASING = YES;
				CLANG_WARN_BOOL_CONVERSION = YES;
				CLANG_WARN_COMMA = YES;
				CLANG_WARN_CONSTANT_CONVERSION = YES;
				CLANG_WARN_DEPRECATED_OBJC_IMPLEMENTATIONS = YES;
				CLANG_WARN_DIRECT_OBJC_ISA_USAGE = YES_ERROR;
				CLANG_WARN_DOCUMENTATION_COMMENTS = YES;
				CLANG_WARN_EMPTY_BODY = YES;
				CLANG_WARN_ENUM_CONVERSION = YES;
				CLANG_WARN_INFINITE_RECURSION = YES;
				CLANG_WARN_INT_CONVERSION = YES;
				CLANG_WARN_NON_LITERAL_NULL_CONVERSION = YES;
				CLANG_WARN_OBJC_IMPLICIT_RETAIN_SELF = YES;
				CLANG_WARN_OBJC_LITERAL_CONVERSION = YES;
				CLANG_WARN_OBJC_ROOT_CLASS = YES_ERROR;
				CLANG_WARN_QUOTED_INCLUDE_IN_FRAMEWORK_HEADER = YES;
				CLANG_WARN_RANGE_LOOP_ANALYSIS = YES;
				CLANG_WARN_STRICT_PROTOTYPES = YES;
				CLANG_WARN_SUSPICIOUS_MOVE = YES;
				CLANG_WARN_UNGUARDED_AVAILABILITY = YES_AGGRESSIVE;
				CLANG_WARN_UNREACHABLE_CODE = YES;
				CLANG_WARN__DUPLICATE_METHOD_MATCH = YES;
				COPY_PHASE_STRIP = NO;
				DEBUG_INFORMATION_FORMAT = "dwarf-with-dsym";
				ENABLE_NS_ASSERTIONS = NO;
				ENABLE_STRICT_OBJC_MSGSEND = YES;
				GCC_C_LANGUAGE_STANDARD = gnu11;
				GCC_NO_COMMON_BLOCKS = YES;
				GCC_WARN_64_TO_32_BIT_CONVERSION = YES;
				GCC_WARN_ABOUT_RETURN_TYPE = YES_ERROR;
				GCC_WARN_UNDECLARED_SELECTOR = YES;
				GCC_WARN_UNINITIALIZED_AUTOS = YES_AGGRESSIVE;
				GCC_WARN_UNUSED_FUNCTION = YES;
				GCC_WARN_UNUSED_VARIABLE = YES;
				IPHONEOS_DEPLOYMENT_TARGET = 16.0;
				MTL_ENABLE_DEBUG_INFO = NO;
				MTL_FAST_MATH = YES;
				SDKROOT = iphoneos;
				SWIFT_COMPILATION_MODE = wholemodule;
				SWIFT_OPTIMIZATION_LEVEL = "-O";
				VALIDATE_PRODUCT = YES;
			};
			name = Release;
		};
		7E1593E828E4C39000481595 /* Debug */ = {
			isa = XCBuildConfiguration;
			buildSettings = {
				ASSETCATALOG_COMPILER_APPICON_NAME = AppIcon;
				ASSETCATALOG_COMPILER_GLOBAL_ACCENT_COLOR_NAME = AccentColor;
				CODE_SIGN_STYLE = Automatic;
				CURRENT_PROJECT_VERSION = 1;
				DEVELOPMENT_TEAM = 64NZDAL7D8;
				GENERATE_INFOPLIST_FILE = YES;
				INFOPLIST_FILE = ReverseWord/Info.plist;
				INFOPLIST_KEY_UIApplicationSupportsIndirectInputEvents = YES;
				INFOPLIST_KEY_UILaunchStoryboardName = LaunchScreen;
				INFOPLIST_KEY_UIMainStoryboardFile = Main;
				INFOPLIST_KEY_UISupportedInterfaceOrientations_iPad = "UIInterfaceOrientationPortrait UIInterfaceOrientationPortraitUpsideDown UIInterfaceOrientationLandscapeLeft UIInterfaceOrientationLandscapeRight";
				INFOPLIST_KEY_UISupportedInterfaceOrientations_iPhone = "UIInterfaceOrientationPortrait UIInterfaceOrientationLandscapeLeft UIInterfaceOrientationLandscapeRight";
				LD_RUNPATH_SEARCH_PATHS = (
					"$(inherited)",
					"@executable_path/Frameworks",
				);
				MARKETING_VERSION = 1.0;
				PRODUCT_BUNDLE_IDENTIFIER = com.baykan.ReverseWord;
				PRODUCT_NAME = "$(TARGET_NAME)";
				SWIFT_EMIT_LOC_STRINGS = YES;
				SWIFT_VERSION = 5.0;
				TARGETED_DEVICE_FAMILY = "1,2";
			};
			name = Debug;
		};
		7E1593E928E4C39000481595 /* Release */ = {
			isa = XCBuildConfiguration;
			buildSettings = {
				ASSETCATALOG_COMPILER_APPICON_NAME = AppIcon;
				ASSETCATALOG_COMPILER_GLOBAL_ACCENT_COLOR_NAME = AccentColor;
				CODE_SIGN_STYLE = Automatic;
				CURRENT_PROJECT_VERSION = 1;
				DEVELOPMENT_TEAM = 64NZDAL7D8;
				GENERATE_INFOPLIST_FILE = YES;
				INFOPLIST_FILE = ReverseWord/Info.plist;
				INFOPLIST_KEY_UIApplicationSupportsIndirectInputEvents = YES;
				INFOPLIST_KEY_UILaunchStoryboardName = LaunchScreen;
				INFOPLIST_KEY_UIMainStoryboardFile = Main;
				INFOPLIST_KEY_UISupportedInterfaceOrientations_iPad = "UIInterfaceOrientationPortrait UIInterfaceOrientationPortraitUpsideDown UIInterfaceOrientationLandscapeLeft UIInterfaceOrientationLandscapeRight";
				INFOPLIST_KEY_UISupportedInterfaceOrientations_iPhone = "UIInterfaceOrientationPortrait UIInterfaceOrientationLandscapeLeft UIInterfaceOrientationLandscapeRight";
				LD_RUNPATH_SEARCH_PATHS = (
					"$(inherited)",
					"@executable_path/Frameworks",
				);
				MARKETING_VERSION = 1.0;
				PRODUCT_BUNDLE_IDENTIFIER = com.baykan.ReverseWord;
				PRODUCT_NAME = "$(TARGET_NAME)";
				SWIFT_EMIT_LOC_STRINGS = YES;
				SWIFT_VERSION = 5.0;
				TARGETED_DEVICE_FAMILY = "1,2";
			};
			name = Release;
		};
		7EEB74D728FF371F0039D76C /* Debug */ = {
			isa = XCBuildConfiguration;
			buildSettings = {
				BUNDLE_LOADER = "$(TEST_HOST)";
				CODE_SIGN_STYLE = Automatic;
				CURRENT_PROJECT_VERSION = 1;
				DEVELOPMENT_TEAM = 64NZDAL7D8;
				GENERATE_INFOPLIST_FILE = YES;
				MARKETING_VERSION = 1.0;
				PRODUCT_BUNDLE_IDENTIFIER = "com.baykan.Reverse-word-tests";
				PRODUCT_NAME = "$(TARGET_NAME)";
				SWIFT_EMIT_LOC_STRINGS = NO;
				SWIFT_VERSION = 5.0;
				TARGETED_DEVICE_FAMILY = "1,2";
				TEST_HOST = "$(BUILT_PRODUCTS_DIR)/ReverseWord.app/$(BUNDLE_EXECUTABLE_FOLDER_PATH)/ReverseWord";
			};
			name = Debug;
		};
		7EEB74D828FF371F0039D76C /* Release */ = {
			isa = XCBuildConfiguration;
			buildSettings = {
				BUNDLE_LOADER = "$(TEST_HOST)";
				CODE_SIGN_STYLE = Automatic;
				CURRENT_PROJECT_VERSION = 1;
				DEVELOPMENT_TEAM = 64NZDAL7D8;
				GENERATE_INFOPLIST_FILE = YES;
				MARKETING_VERSION = 1.0;
				PRODUCT_BUNDLE_IDENTIFIER = "com.baykan.Reverse-word-tests";
				PRODUCT_NAME = "$(TARGET_NAME)";
				SWIFT_EMIT_LOC_STRINGS = NO;
				SWIFT_VERSION = 5.0;
				TARGETED_DEVICE_FAMILY = "1,2";
				TEST_HOST = "$(BUILT_PRODUCTS_DIR)/ReverseWord.app/$(BUNDLE_EXECUTABLE_FOLDER_PATH)/ReverseWord";
			};
			name = Release;
		};
/* End XCBuildConfiguration section */

/* Begin XCConfigurationList section */
		7E02085628FFE39300A4A935 /* Build configuration list for PBXNativeTarget "ReverseWordUITests" */ = {
			isa = XCConfigurationList;
			buildConfigurations = (
				7E02085728FFE39300A4A935 /* Debug */,
				7E02085828FFE39300A4A935 /* Release */,
			);
			defaultConfigurationIsVisible = 0;
			defaultConfigurationName = Release;
		};
		7E1593CE28E4C38F00481595 /* Build configuration list for PBXProject "ReverseWord" */ = {
			isa = XCConfigurationList;
			buildConfigurations = (
				7E1593E528E4C39000481595 /* Debug */,
				7E1593E628E4C39000481595 /* Release */,
			);
			defaultConfigurationIsVisible = 0;
			defaultConfigurationName = Release;
		};
		7E1593E728E4C39000481595 /* Build configuration list for PBXNativeTarget "ReverseWord" */ = {
			isa = XCConfigurationList;
			buildConfigurations = (
				7E1593E828E4C39000481595 /* Debug */,
				7E1593E928E4C39000481595 /* Release */,
			);
			defaultConfigurationIsVisible = 0;
			defaultConfigurationName = Release;
		};
		7EEB74D628FF371F0039D76C /* Build configuration list for PBXNativeTarget "ReverseWord tests" */ = {
			isa = XCConfigurationList;
			buildConfigurations = (
				7EEB74D728FF371F0039D76C /* Debug */,
				7EEB74D828FF371F0039D76C /* Release */,
			);
			defaultConfigurationIsVisible = 0;
			defaultConfigurationName = Release;
		};
/* End XCConfigurationList section */
	};
	rootObject = 7E1593CB28E4C38F00481595 /* Project object */;
}
